
Microsoft Visual Studio Solution File, Format Version 12.00
# Visual Studio Version 16
VisualStudioVersion = 16.0.30204.135
MinimumVisualStudioVersion = 10.0.40219.1
Project("{FAE04EC0-301F-11D3-BF4B-00C04F79EFBC}") = "DecoratorPatternExample", "DecoratorPatternExample\DecoratorPatternExample.csproj", "{D0736F46-1A3D-4DFE-9C74-84A16B26E2DC}"
EndProject
Global
	GlobalSection(SolutionConfigurationPlatforms) = preSolution
		Debug|Any CPU = Debug|Any CPU
		Release|Any CPU = Release|Any CPU
	EndGlobalSection
	GlobalSection(ProjectConfigurationPlatforms) = postSolution
		{D0736F46-1A3D-4DFE-9C74-84A16B26E2DC}.Debug|Any CPU.ActiveCfg = Debug|Any CPU
		{D0736F46-1A3D-4DFE-9C74-84A16B26E2DC}.Debug|Any CPU.Build.0 = Debug|Any CPU
		{D0736F46-1A3D-4DFE-9C74-84A16B26E2DC}.Release|Any CPU.ActiveCfg = Release|Any CPU
		{D0736F46-1A3D-4DFE-9C74-84A16B26E2DC}.Release|Any CPU.Build.0 = Release|Any CPU
	EndGlobalSection
	GlobalSection(SolutionProperties) = preSolution
		HideSolutionNode = FALSE
	EndGlobalSection
	GlobalSection(ExtensibilityGlobals) = postSolution
		SolutionGuid = {381EAFA1-C19A-4C21-B656-D63781272C70}
	EndGlobalSection
EndGlobal
